// !$*UTF8*$!
{
	archiveVersion = 1;
	classes = {
	};
	objectVersion = 46;
	objects = {

/* Begin PBXBuildFile section */
		8D3417371D1A495700E21B0D /* main.m in Sources */ = {isa = PBXBuildFile; fileRef = 8D3417361D1A495700E21B0D /* main.m */; };
		8D34173A1D1A495700E21B0D /* AppDelegate.m in Sources */ = {isa = PBXBuildFile; fileRef = 8D3417391D1A495700E21B0D /* AppDelegate.m */; };
		8D34173D1D1A495700E21B0D /* ViewController.m in Sources */ = {isa = PBXBuildFile; fileRef = 8D34173C1D1A495700E21B0D /* ViewController.m */; };
		8D3417401D1A495700E21B0D /* Main.storyboard in Resources */ = {isa = PBXBuildFile; fileRef = 8D34173E1D1A495700E21B0D /* Main.storyboard */; };
		8D3417421D1A495700E21B0D /* Assets.xcassets in Resources */ = {isa = PBXBuildFile; fileRef = 8D3417411D1A495700E21B0D /* Assets.xcassets */; };
		8D3417451D1A495700E21B0D /* LaunchScreen.storyboard in Resources */ = {isa = PBXBuildFile; fileRef = 8D3417431D1A495700E21B0D /* LaunchScreen.storyboard */; };
/* End PBXBuildFile section */

/* Begin PBXFileReference section */
		8D3417321D1A495700E21B0D /* animationText.app */ = {isa = PBXFileReference; explicitFileType = wrapper.application; includeInIndex = 0; path = animationText.app; sourceTree = BUILT_PRODUCTS_DIR; };
		8D3417361D1A495700E21B0D /* main.m */ = {isa = PBXFileReference; lastKnownFileType = sourcecode.c.objc; path = main.m; sourceTree = "<group>"; };
		8D3417381D1A495700E21B0D /* AppDelegate.h */ = {isa = PBXFileReference; lastKnownFileType = sourcecode.c.h; path = AppDelegate.h; sourceTree = "<group>"; };
		8D3417391D1A495700E21B0D /* AppDelegate.m */ = {isa = PBXFileReference; lastKnownFileType = sourcecode.c.objc; path = AppDelegate.m; sourceTree = "<group>"; };
		8D34173B1D1A495700E21B0D /* ViewController.h */ = {isa = PBXFileReference; lastKnownFileType = sourcecode.c.h; path = ViewController.h; sourceTree = "<group>"; };
		8D34173C1D1A495700E21B0D /* ViewController.m */ = {isa = PBXFileReference; lastKnownFileType = sourcecode.c.objc; path = ViewController.m; sourceTree = "<group>"; };
		8D34173F1D1A495700E21B0D /* Base */ = {isa = PBXFileReference; lastKnownFileType = file.storyboard; name = Base; path = Base.lproj/Main.storyboard; sourceTree = "<group>"; };
		8D3417411D1A495700E21B0D /* Assets.xcassets */ = {isa = PBXFileReference; lastKnownFileType = folder.assetcatalog; path = Assets.xcassets; sourceTree = "<group>"; };
		8D3417441D1A495700E21B0D /* Base */ = {isa = PBXFileReference; lastKnownFileType = file.storyboard; name = Base; path = Base.lproj/LaunchScreen.storyboard; sourceTree = "<group>"; };
		8D3417461D1A495700E21B0D /* Info.plist */ = {isa = PBXFileReference; lastKnownFileType = text.plist.xml; path = Info.plist; sourceTree = "<group>"; };
/* End PBXFileReference section */

/* Begin PBXFrameworksBuildPhase section */
		8D34172F1D1A495700E21B0D /* Frameworks */ = {
			isa = PBXFrameworksBuildPhase;
			buildActionMask = 2147483647;
			files = (
			);
			runOnlyForDeploymentPostprocessing = 0;
		};
/* End PBXFrameworksBuildPhase section */

/* Begin PBXGroup section */
		8D3417291D1A495700E21B0D = {
			isa = PBXGroup;
			children = (
				8D3417341D1A495700E21B0D /* animationText */,
				8D3417331D1A495700E21B0D /* Products */,
			);
			sourceTree = "<group>";
		};
		8D3417331D1A495700E21B0D /* Products */ = {
			isa = PBXGroup;
			children = (
				8D3417321D1A495700E21B0D /* animationText.app */,
			);
			name = Products;
			sourceTree = "<group>";
		};
		8D3417341D1A495700E21B0D /* animationText */ = {
			isa = PBXGroup;
			children = (
				8D3417381D1A495700E21B0D /* AppDelegate.h */,
				8D3417391D1A495700E21B0D /* AppDelegate.m */,
				8D34173B1D1A495700E21B0D /* ViewController.h */,
				8D34173C1D1A495700E21B0D /* ViewController.m */,
				8D34173E1D1A495700E21B0D /* Main.storyboard */,
				8D3417411D1A495700E21B0D /* Assets.xcassets */,
				8D3417431D1A495700E21B0D /* LaunchScreen.storyboard */,
				8D3417461D1A495700E21B0D /* Info.plist */,
				8D3417351D1A495700E21B0D /* Supporting Files */,
			);
			path = animationText;
			sourceTree = "<group>";
		};
		8D3417351D1A495700E21B0D /* Supporting Files */ = {
			isa = PBXGroup;
			children = (
				8D3417361D1A495700E21B0D /* main.m */,
			);
			name = "Supporting Files";
			sourceTree = "<group>";
		};
/* End PBXGroup section */

/* Begin PBXNativeTarget section */
		8D3417311D1A495700E21B0D /* animationText */ = {
			isa = PBXNativeTarget;
			buildConfigurationList = 8D3417491D1A495700E21B0D /* Build configuration list for PBXNativeTarget "animationText" */;
			buildPhases = (
				8D34172E1D1A495700E21B0D /* Sources */,
				8D34172F1D1A495700E21B0D /* Frameworks */,
				8D3417301D1A495700E21B0D /* Resources */,
			);
			buildRules = (
			);
			dependencies = (
			);
			name = animationText;
			productName = animationText;
			productReference = 8D3417321D1A495700E21B0D /* animationText.app */;
			productType = "com.apple.product-type.application";
		};
/* End PBXNativeTarget section */

/* Begin PBXProject section */
		8D34172A1D1A495700E21B0D /* Project object */ = {
			isa = PBXProject;
			attributes = {
				LastUpgradeCheck = 0730;
				ORGANIZATIONNAME = Edward;
				TargetAttributes = {
					8D3417311D1A495700E21B0D = {
						CreatedOnToolsVersion = 7.3.1;
					};
				};
			};
			buildConfigurationList = 8D34172D1D1A495700E21B0D /* Build configuration list for PBXProject "animationText" */;
			compatibilityVersion = "Xcode 3.2";
			developmentRegion = English;
			hasScannedForEncodings = 0;
			knownRegions = (
				en,
				Base,
			);
			mainGroup = 8D3417291D1A495700E21B0D;
			productRefGroup = 8D3417331D1A495700E21B0D /* Products */;
			projectDirPath = "";
			projectRoot = "";
			targets = (
				8D3417311D1A495700E21B0D /* animationText */,
			);
		};
/* End PBXProject section */

/* Begin PBXResourcesBuildPhase section */
		8D3417301D1A495700E21B0D /* Resources */ = {
			isa = PBXResourcesBuildPhase;
			buildActionMask = 2147483647;
			files = (
				8D3417451D1A495700E21B0D /* LaunchScreen.storyboard in Resources */,
				8D3417421D1A495700E21B0D /* Assets.xcassets in Resources */,
				8D3417401D1A495700E21B0D /* Main.storyboard in Resources */,
			);
			runOnlyForDeploymentPostprocessing = 0;
		};
/* End PBXResourcesBuildPhase section */

/* Begin PBXSourcesBuildPhase section */
		8D34172E1D1A495700E21B0D /* Sources */ = {
			isa = PBXSourcesBuildPhase;
			buildActionMask = 2147483647;
			files = (
				8D34173D1D1A495700E21B0D /* ViewController.m in Sources */,
				8D34173A1D1A495700E21B0D /* AppDelegate.m in Sources */,
				8D3417371D1A495700E21B0D /* main.m in Sources */,
			);
			runOnlyForDeploymentPostprocessing = 0;
		};
/* End PBXSourcesBuildPhase section */

/* Begin PBXVariantGroup section */
		8D34173E1D1A495700E21B0D /* Main.storyboard */ = {
			isa = PBXVariantGroup;
			children = (
				8D34173F1D1A495700E21B0D /* Base */,
			);
			name = Main.storyboard;
			sourceTree = "<group>";
		};
		8D3417431D1A495700E21B0D /* LaunchScreen.storyboard */ = {
			isa = PBXVariantGroup;
			children = (
				8D3417441D1A495700E21B0D /* Base */,
			);
			name = LaunchScreen.storyboard;
			sourceTree = "<group>";
		};
/* End PBXVariantGroup section */

/* Begin XCBuildConfiguration section */
		8D3417471D1A495700E21B0D /* Debug */ = {
			isa = XCBuildConfiguration;
			buildSettings = {
				ALWAYS_SEARCH_USER_PATHS = NO;
				CLANG_ANALYZER_NONNULL = YES;
				CLANG_CXX_LANGUAGE_STANDARD = "gnu++0x";
				CLANG_CXX_LIBRARY = "libc++";
				CLANG_ENABLE_MODULES = YES;
				CLANG_ENABLE_OBJC_ARC = YES;
				CLANG_WARN_BOOL_CONVERSION = YES;
				CLANG_WARN_CONSTANT_CONVERSION = YES;
				CLANG_WARN_DIRECT_OBJC_ISA_USAGE = YES_ERROR;
				CLANG_WARN_EMPTY_BODY = YES;
				CLANG_WARN_ENUM_CONVERSION = YES;
				CLANG_WARN_INT_CONVERSION = YES;
				CLANG_WARN_OBJC_ROOT_CLASS = YES_ERROR;
				CLANG_WARN_UNREACHABLE_CODE = YES;
				CLANG_WARN__DUPLICATE_METHOD_MATCH = YES;
				"CODE_SIGN_IDENTITY[sdk=iphoneos*]" = "iPhone Developer";
				COPY_PHASE_STRIP = NO;
				DEBUG_INFORMATION_FORMAT = dwarf;
				ENABLE_STRICT_OBJC_MSGSEND = YES;
				ENABLE_TESTABILITY = YES;
				GCC_C_LANGUAGE_STANDARD = gnu99;
				GCC_DYNAMIC_NO_PIC = NO;
				GCC_NO_COMMON_BLOCKS = YES;
				GCC_OPTIMIZATION_LEVEL = 0;
				GCC_PREPROCESSOR_DEFINITIONS = (
					"DEBUG=1",
					"$(inherited)",
				);
				GCC_WARN_64_TO_32_BIT_CONVERSION = YES;
				GCC_WARN_ABOUT_RETURN_TYPE = YES_ERROR;
				GCC_WARN_UNDECLARED_SELECTOR = YES;
				GCC_WARN_UNINITIALIZED_AUTOS = YES_AGGRESSIVE;
				GCC_WARN_UNUSED_FUNCTION = YES;
				GCC_WARN_UNUSED_VARIABLE = YES;
				IPHONEOS_DEPLOYMENT_TARGET = 9.3;
				MTL_ENABLE_DEBUG_INFO = YES;
				ONLY_ACTIVE_ARCH = YES;
				SDKROOT = iphoneos;
				TARGETED_DEVICE_FAMILY = "1,2";
			};
			name = Debug;
		};
		8D3417481D1A495700E21B0D /* Release */ = {
			isa = XCBuildConfiguration;
			buildSettings = {
				ALWAYS_SEARCH_USER_PATHS = NO;
				CLANG_ANALYZER_NONNULL = YES;
				CLANG_CXX_LANGUAGE_STANDARD = "gnu++0x";
				CLANG_CXX_LIBRARY = "libc++";
				CLANG_ENABLE_MODULES = YES;
				CLANG_ENABLE_OBJC_ARC = YES;
				CLANG_WARN_BOOL_CONVERSION = YES;
				CLANG_WARN_CONSTANT_CONVERSION = YES;
				CLANG_WARN_DIRECT_OBJC_ISA_USAGE = YES_ERROR;
				CLANG_WARN_EMPTY_BODY = YES;
				CLANG_WARN_ENUM_CONVERSION = YES;
				CLANG_WARN_INT_CONVERSION = YES;
				CLANG_WARN_OBJC_ROOT_CLASS = YES_ERROR;
				CLANG_WARN_UNREACHABLE_CODE = YES;
				CLANG_WARN__DUPLICATE_METHOD_MATCH = YES;
				"CODE_SIGN_IDENTITY[sdk=iphoneos*]" = "iPhone Developer";
				COPY_PHASE_STRIP = NO;
				DEBUG_INFORMATION_FORMAT = "dwarf-with-dsym";
				ENABLE_NS_ASSERTIONS = NO;
				ENABLE_STRICT_OBJC_MSGSEND = YES;
				GCC_C_LANGUAGE_STANDARD = gnu99;
				GCC_NO_COMMON_BLOCKS = YES;
				GCC_WARN_64_TO_32_BIT_CONVERSION = YES;
				GCC_WARN_ABOUT_RETURN_TYPE = YES_ERROR;
				GCC_WARN_UNDECLARED_SELECTOR = YES;
				GCC_WARN_UNINITIALIZED_AUTOS = YES_AGGRESSIVE;
				GCC_WARN_UNUSED_FUNCTION = YES;
				GCC_WARN_UNUSED_VARIABLE = YES;
				IPHONEOS_DEPLOYMENT_TARGET = 9.3;
				MTL_ENABLE_DEBUG_INFO = NO;
				SDKROOT = iphoneos;
				TARGETED_DEVICE_FAMILY = "1,2";
				VALIDATE_PRODUCT = YES;
			};
			name = Release;
		};
		8D34174A1D1A495700E21B0D /* Debug */ = {
			isa = XCBuildConfiguration;
			buildSettings = {
				ASSETCATALOG_COMPILER_APPICON_NAME = AppIcon;
				INFOPLIST_FILE = animationText/Info.plist;
				LD_RUNPATH_SEARCH_PATHS = "$(inherited) @executable_path/Frameworks";
				PRODUCT_BUNDLE_IDENTIFIER = GGX.animationText;
				PRODUCT_NAME = "$(TARGET_NAME)";
			};
			name = Debug;
		};
		8D34174B1D1A495700E21B0D /* Release */ = {
			isa = XCBuildConfiguration;
			buildSettings = {
				ASSETCATALOG_COMPILER_APPICON_NAME = AppIcon;
				INFOPLIST_FILE = animationText/Info.plist;
				LD_RUNPATH_SEARCH_PATHS = "$(inherited) @executable_path/Frameworks";
				PRODUCT_BUNDLE_IDENTIFIER = GGX.animationText;
				PRODUCT_NAME = "$(TARGET_NAME)";
			};
			name = Release;
		};
/* End XCBuildConfiguration section */

/* Begin XCConfigurationList section */
		8D34172D1D1A495700E21B0D /* Build configuration list for PBXProject "animationText" */ = {
			isa = XCConfigurationList;
			buildConfigurations = (
				8D3417471D1A495700E21B0D /* Debug */,
				8D3417481D1A495700E21B0D /* Release */,
			);
			defaultConfigurationIsVisible = 0;
			defaultConfigurationName = Release;
		};
		8D3417491D1A495700E21B0D /* Build configuration list for PBXNativeTarget "animationText" */ = {
			isa = XCConfigurationList;
			buildConfigurations = (
				8D34174A1D1A495700E21B0D /* Debug */,
				8D34174B1D1A495700E21B0D /* Release */,
			);
			defaultConfigurationIsVisible = 0;
		};
/* End XCConfigurationList section */
	};
	rootObject = 8D34172A1D1A495700E21B0D /* Project object */;
}
